
Microsoft Visual Studio Solution File, Format Version 12.00
# Visual Studio Version 16
VisualStudioVersion = 16.0.30114.105
MinimumVisualStudioVersion = 10.0.40219.1
Project("{FAE04EC0-301F-11D3-BF4B-00C04F79EFBC}") = "JsonSsmConfiguration", "JsonSsmConfiguration\JsonSsmConfiguration.csproj", "{45215E72-6A09-49FB-8062-145602D8F546}"
EndProject
Global
	GlobalSection(SolutionConfigurationPlatforms) = preSolution
		Debug|Any CPU = Debug|Any CPU
		Release|Any CPU = Release|Any CPU
	EndGlobalSection
	GlobalSection(ProjectConfigurationPlatforms) = postSolution
		{45215E72-6A09-49FB-8062-145602D8F546}.Debug|Any CPU.ActiveCfg = Debug|Any CPU
		{45215E72-6A09-49FB-8062-145602D8F546}.Debug|Any CPU.Build.0 = Debug|Any CPU
		{45215E72-6A09-49FB-8062-145602D8F546}.Release|Any CPU.ActiveCfg = Release|Any CPU
		{45215E72-6A09-49FB-8062-145602D8F546}.Release|Any CPU.Build.0 = Release|Any CPU
	EndGlobalSection
	GlobalSection(SolutionProperties) = preSolution
		HideSolutionNode = FALSE
	EndGlobalSection
	GlobalSection(ExtensibilityGlobals) = postSolution
		SolutionGuid = {0CC4C39F-D25C-4B95-9F8F-2257B2F7493C}
	EndGlobalSection
EndGlobal
